
Microsoft Visual Studio Solution File, Format Version 12.00
# Visual Studio Version 16
VisualStudioVersion = 16.0.30114.105
MinimumVisualStudioVersion = 10.0.40219.1
Project("{FAE04EC0-301F-11D3-BF4B-00C04F79EFBC}") = "API74942", "API74942.csproj", "{B810EBB1-568D-44ED-9917-C4902CA824D6}"
EndProject
Project("{FAE04EC0-301F-11D3-BF4B-00C04F79EFBC}") = "Testor", "ProjectTestor\Testor.csproj", "{D3DB1169-FA0D-4552-AF0D-5476EBB0EBF2}"
EndProject
Global
	GlobalSection(SolutionConfigurationPlatforms) = preSolution
		Debug|Any CPU = Debug|Any CPU
		PRD|Any CPU = PRD|Any CPU
		Release|Any CPU = Release|Any CPU
		SIT|Any CPU = SIT|Any CPU
	EndGlobalSection
	GlobalSection(ProjectConfigurationPlatforms) = postSolution
		{B810EBB1-568D-44ED-9917-C4902CA824D6}.Debug|Any CPU.ActiveCfg = Debug|Any CPU
		{B810EBB1-568D-44ED-9917-C4902CA824D6}.Debug|Any CPU.Build.0 = Debug|Any CPU
		{B810EBB1-568D-44ED-9917-C4902CA824D6}.PRD|Any CPU.ActiveCfg = PRD|Any CPU
		{B810EBB1-568D-44ED-9917-C4902CA824D6}.PRD|Any CPU.Build.0 = PRD|Any CPU
		{B810EBB1-568D-44ED-9917-C4902CA824D6}.Release|Any CPU.ActiveCfg = Release|Any CPU
		{B810EBB1-568D-44ED-9917-C4902CA824D6}.Release|Any CPU.Build.0 = Release|Any CPU
		{B810EBB1-568D-44ED-9917-C4902CA824D6}.SIT|Any CPU.ActiveCfg = SIT|Any CPU
		{B810EBB1-568D-44ED-9917-C4902CA824D6}.SIT|Any CPU.Build.0 = SIT|Any CPU
		{D3DB1169-FA0D-4552-AF0D-5476EBB0EBF2}.Debug|Any CPU.ActiveCfg = Debug|Any CPU
		{D3DB1169-FA0D-4552-AF0D-5476EBB0EBF2}.Debug|Any CPU.Build.0 = Debug|Any CPU
		{D3DB1169-FA0D-4552-AF0D-5476EBB0EBF2}.PRD|Any CPU.ActiveCfg = Release|Any CPU
		{D3DB1169-FA0D-4552-AF0D-5476EBB0EBF2}.PRD|Any CPU.Build.0 = Release|Any CPU
		{D3DB1169-FA0D-4552-AF0D-5476EBB0EBF2}.Release|Any CPU.ActiveCfg = Release|Any CPU
		{D3DB1169-FA0D-4552-AF0D-5476EBB0EBF2}.Release|Any CPU.Build.0 = Release|Any CPU
		{D3DB1169-FA0D-4552-AF0D-5476EBB0EBF2}.SIT|Any CPU.ActiveCfg = Release|Any CPU
		{D3DB1169-FA0D-4552-AF0D-5476EBB0EBF2}.SIT|Any CPU.Build.0 = Release|Any CPU
	EndGlobalSection
	GlobalSection(SolutionProperties) = preSolution
		HideSolutionNode = FALSE
	EndGlobalSection
	GlobalSection(ExtensibilityGlobals) = postSolution
		SolutionGuid = {1DFA3CE2-B4EB-403B-BAA5-4F8DBEDE4A92}
	EndGlobalSection
EndGlobal
